
Microsoft Visual Studio Solution File, Format Version 12.00
# Visual Studio Version 17
VisualStudioVersion = 17.0.31601.41
MinimumVisualStudioVersion = 10.0.40219.1
Project("{9A19103F-16F7-4668-BE54-9A1E7A4F7556}") = "ListFor", "ListFor\ListFor.csproj", "{642F7512-6D17-4602-B38C-236658C06ADB}"
EndProject
Project("{9A19103F-16F7-4668-BE54-9A1E7A4F7556}") = "StringTests", "StringTests\StringTests.csproj", "{3F28A353-14BD-40EF-AA03-3D9CA90AB317}"
EndProject
Project("{9A19103F-16F7-4668-BE54-9A1E7A4F7556}") = "HttpStrings", "HttpStrings\HttpStrings.csproj", "{78457793-41AF-490F-9928-4C6703034806}"
EndProject
Project("{9A19103F-16F7-4668-BE54-9A1E7A4F7556}") = "UriHelperBenchmarks", "UriHelper\UriHelperBenchmarks.csproj", "{0ABB4815-6B13-4C8F-84ED-7B01114FC62C}"
EndProject
Project("{9A19103F-16F7-4668-BE54-9A1E7A4F7556}") = "DictionaryCopyOnWrite", "DictionaryCopyOnWrite\DictionaryCopyOnWrite.csproj", "{47DE8602-302A-47AB-8C4A-CCE73F590137}"
EndProject
Project("{2150E333-8FDC-42A3-9474-1A3956D46DE8}") = ".Solution Items", ".Solution Items", "{188B58F9-C87F-4B84-9B25-DE311AD9AEE5}"
	ProjectSection(SolutionItems) = preProject
		.editorconfig = .editorconfig
		.gitattributes = .gitattributes
		.gitignore = .gitignore
		CODE-OF-CONDUCT.md = CODE-OF-CONDUCT.md
		CONTRIBUTING.md = CONTRIBUTING.md
		LICENSE = LICENSE
		README.md = README.md
		THIRD-PARTY-NOTICES = THIRD-PARTY-NOTICES
	EndProjectSection
EndProject
Project("{9A19103F-16F7-4668-BE54-9A1E7A4F7556}") = "ByteArrayAllocation", "ByteArrayAllocation\ByteArrayAllocation.csproj", "{29E348EA-33F4-4EFF-8DD4-88B5BB28B577}"
EndProject
Project("{9A19103F-16F7-4668-BE54-9A1E7A4F7556}") = "StringBuilderBufferAllocation", "StringBuilderBufferAllocation\StringBuilderBufferAllocation.csproj", "{445ACFA0-9F07-49D4-86D3-4505C61E733B}"
EndProject
Project("{9A19103F-16F7-4668-BE54-9A1E7A4F7556}") = "ComparerComparison", "ComparerComparison\ComparerComparison.csproj", "{C2537BB9-1AA6-479F-BEFD-EF25492EE003}"
EndProject
Project("{2150E333-8FDC-42A3-9474-1A3956D46DE8}") = "TextComparison1", "TextComparison1", "{FD7C6773-A787-493A-9111-D9E726D58B2A}"
	ProjectSection(SolutionItems) = preProject
		TextComparison1\Benchmark.md = TextComparison1\Benchmark.md
		TextComparison1\README.md = TextComparison1\README.md
	EndProjectSection
EndProject
Project("{9A19103F-16F7-4668-BE54-9A1E7A4F7556}") = "TextComparison1", "TextComparison1\TextComparison1\TextComparison1.csproj", "{29F60CEA-0ECF-45D1-A687-199407477CF8}"
EndProject
Project("{9A19103F-16F7-4668-BE54-9A1E7A4F7556}") = "TextComparison1.Benchmarks", "TextComparison1\TextComparison1.Benchmarks\TextComparison1.Benchmarks.csproj", "{056BCEB4-534D-4274-9DEC-BDCAA64ED07A}"
EndProject
Project("{9A19103F-16F7-4668-BE54-9A1E7A4F7556}") = "TextComparison1.UnitTests", "TextComparison1\TextComparison1.UnitTests\TextComparison1.UnitTests.csproj", "{419A0357-E788-4DD4-B7DF-A9051F66BEAA}"
EndProject
Project("{2150E333-8FDC-42A3-9474-1A3956D46DE8}") = "Microsoft", "Microsoft", "{F4E6156E-30C9-4529-A52C-FCD8DD4BAD20}"
EndProject
Project("{9A19103F-16F7-4668-BE54-9A1E7A4F7556}") = "LoggerMessage1", "Logging\Microsoft\LoggerMessage1\LoggerMessage1.csproj", "{9DE800AA-4188-4C39-875B-6C7B0110893A}"
EndProject
Project("{9A19103F-16F7-4668-BE54-9A1E7A4F7556}") = "LoggerMessage2", "Logging\Microsoft\LoggerMessage2\LoggerMessage2.csproj", "{7C5CF86C-C3EA-4D6D-9588-1C8BC8586698}"
EndProject
Project("{9A19103F-16F7-4668-BE54-9A1E7A4F7556}") = "LoggerMessage2Tests", "Logging\Microsoft\LoggerMessage2\LoggerMessage2Tests.csproj", "{B2C91152-B477-49E2-A3DB-A5D4FA19794B}"
EndProject
Project("{9A19103F-16F7-4668-BE54-9A1E7A4F7556}") = "GuidBenchmarks", "GuidBenchmarks\GuidBenchmarks.csproj", "{25CA2486-F5B8-481D-B718-A400826BDF2F}"
EndProject
Project("{2150E333-8FDC-42A3-9474-1A3956D46DE8}") = "Exceptions", "Exceptions", "{629D6D98-8610-49DA-B44D-77218F1392DB}"
EndProject
Project("{9A19103F-16F7-4668-BE54-9A1E7A4F7556}") = "ExceptionsNotInlined", "Exceptions\ExceptionsNotInlined\ExceptionsNotInlined.csproj", "{DA1F67FB-0940-43C9-840E-4B8FBF60852D}"
EndProject
Project("{2150E333-8FDC-42A3-9474-1A3956D46DE8}") = "Logging", "Logging", "{ACAD7CE8-44F3-41D9-A44F-EACDD534F26A}"
EndProject
Project("{2150E333-8FDC-42A3-9474-1A3956D46DE8}") = "Serilog", "Serilog", "{74E83B44-EF14-4A57-A238-B537DA4B9FEA}"
EndProject
Project("{9A19103F-16F7-4668-BE54-9A1E7A4F7556}") = "SerilogPropertyDestructuring", "Logging\Serilog\SerilogPropertyDestructuring\SerilogPropertyDestructuring.csproj", "{340A29C4-C725-47A1-B206-09CF00B0B8C4}"
EndProject
Project("{2150E333-8FDC-42A3-9474-1A3956D46DE8}") = "DependencyInjection", "DependencyInjection", "{F1ACA6A5-549F-4149-B923-34E005D26C4D}"
EndProject
Project("{2150E333-8FDC-42A3-9474-1A3956D46DE8}") = "Comparison", "Comparison", "{C8F5CED9-4A20-4FE4-9F68-4225E33DEDEC}"
EndProject
Project("{9A19103F-16F7-4668-BE54-9A1E7A4F7556}") = "MicrosoftVsSimpleInjector", "DependencyInjection\Comparison\MicrosoftVersionsSimpleInjector\MicrosoftVsSimpleInjector.csproj", "{20D29CE5-A504-4EA7-93E1-A88D5C1EC1B2}"
EndProject
Project("{9A19103F-16F7-4668-BE54-9A1E7A4F7556}") = "LoggingPerformance", "Logging\Microsoft\LoggingPerformance\LoggingPerformance.csproj", "{E6947A46-0E5B-4458-B7C2-3945DCBAF09E}"
EndProject
Project("{2150E333-8FDC-42A3-9474-1A3956D46DE8}") = "DuendeSoftware", "DuendeSoftware", "{AE015C33-AC39-45F3-BAFF-4D69825480EB}"
EndProject
Project("{9A19103F-16F7-4668-BE54-9A1E7A4F7556}") = "DuendeBenchmarks", "DuendeSoftware\DuendeBenchmarks\DuendeBenchmarks.csproj", "{DB367107-16D7-41BD-907F-390F85E3926E}"
EndProject
Global
	GlobalSection(SolutionConfigurationPlatforms) = preSolution
		Debug|Any CPU = Debug|Any CPU
		Debug|x64 = Debug|x64
		Debug|x86 = Debug|x86
		Release|Any CPU = Release|Any CPU
		Release|x64 = Release|x64
		Release|x86 = Release|x86
	EndGlobalSection
	GlobalSection(ProjectConfigurationPlatforms) = postSolution
		{642F7512-6D17-4602-B38C-236658C06ADB}.Debug|Any CPU.ActiveCfg = Debug|Any CPU
		{642F7512-6D17-4602-B38C-236658C06ADB}.Debug|Any CPU.Build.0 = Debug|Any CPU
		{642F7512-6D17-4602-B38C-236658C06ADB}.Debug|x64.ActiveCfg = Debug|Any CPU
		{642F7512-6D17-4602-B38C-236658C06ADB}.Debug|x64.Build.0 = Debug|Any CPU
		{642F7512-6D17-4602-B38C-236658C06ADB}.Debug|x86.ActiveCfg = Debug|Any CPU
		{642F7512-6D17-4602-B38C-236658C06ADB}.Debug|x86.Build.0 = Debug|Any CPU
		{642F7512-6D17-4602-B38C-236658C06ADB}.Release|Any CPU.ActiveCfg = Release|Any CPU
		{642F7512-6D17-4602-B38C-236658C06ADB}.Release|Any CPU.Build.0 = Release|Any CPU
		{642F7512-6D17-4602-B38C-236658C06ADB}.Release|x64.ActiveCfg = Release|Any CPU
		{642F7512-6D17-4602-B38C-236658C06ADB}.Release|x64.Build.0 = Release|Any CPU
		{642F7512-6D17-4602-B38C-236658C06ADB}.Release|x86.ActiveCfg = Release|Any CPU
		{642F7512-6D17-4602-B38C-236658C06ADB}.Release|x86.Build.0 = Release|Any CPU
		{3F28A353-14BD-40EF-AA03-3D9CA90AB317}.Debug|Any CPU.ActiveCfg = Debug|Any CPU
		{3F28A353-14BD-40EF-AA03-3D9CA90AB317}.Debug|Any CPU.Build.0 = Debug|Any CPU
		{3F28A353-14BD-40EF-AA03-3D9CA90AB317}.Debug|x64.ActiveCfg = Debug|Any CPU
		{3F28A353-14BD-40EF-AA03-3D9CA90AB317}.Debug|x64.Build.0 = Debug|Any CPU
		{3F28A353-14BD-40EF-AA03-3D9CA90AB317}.Debug|x86.ActiveCfg = Debug|Any CPU
		{3F28A353-14BD-40EF-AA03-3D9CA90AB317}.Debug|x86.Build.0 = Debug|Any CPU
		{3F28A353-14BD-40EF-AA03-3D9CA90AB317}.Release|Any CPU.ActiveCfg = Release|Any CPU
		{3F28A353-14BD-40EF-AA03-3D9CA90AB317}.Release|Any CPU.Build.0 = Release|Any CPU
		{3F28A353-14BD-40EF-AA03-3D9CA90AB317}.Release|x64.ActiveCfg = Release|Any CPU
		{3F28A353-14BD-40EF-AA03-3D9CA90AB317}.Release|x64.Build.0 = Release|Any CPU
		{3F28A353-14BD-40EF-AA03-3D9CA90AB317}.Release|x86.ActiveCfg = Release|Any CPU
		{3F28A353-14BD-40EF-AA03-3D9CA90AB317}.Release|x86.Build.0 = Release|Any CPU
		{78457793-41AF-490F-9928-4C6703034806}.Debug|Any CPU.ActiveCfg = Debug|Any CPU
		{78457793-41AF-490F-9928-4C6703034806}.Debug|Any CPU.Build.0 = Debug|Any CPU
		{78457793-41AF-490F-9928-4C6703034806}.Debug|x64.ActiveCfg = Debug|Any CPU
		{78457793-41AF-490F-9928-4C6703034806}.Debug|x64.Build.0 = Debug|Any CPU
		{78457793-41AF-490F-9928-4C6703034806}.Debug|x86.ActiveCfg = Debug|Any CPU
		{78457793-41AF-490F-9928-4C6703034806}.Debug|x86.Build.0 = Debug|Any CPU
		{78457793-41AF-490F-9928-4C6703034806}.Release|Any CPU.ActiveCfg = Release|Any CPU
		{78457793-41AF-490F-9928-4C6703034806}.Release|Any CPU.Build.0 = Release|Any CPU
		{78457793-41AF-490F-9928-4C6703034806}.Release|x64.ActiveCfg = Release|Any CPU
		{78457793-41AF-490F-9928-4C6703034806}.Release|x64.Build.0 = Release|Any CPU
		{78457793-41AF-490F-9928-4C6703034806}.Release|x86.ActiveCfg = Release|Any CPU
		{78457793-41AF-490F-9928-4C6703034806}.Release|x86.Build.0 = Release|Any CPU
		{0ABB4815-6B13-4C8F-84ED-7B01114FC62C}.Debug|Any CPU.ActiveCfg = Debug|Any CPU
		{0ABB4815-6B13-4C8F-84ED-7B01114FC62C}.Debug|Any CPU.Build.0 = Debug|Any CPU
		{0ABB4815-6B13-4C8F-84ED-7B01114FC62C}.Debug|x64.ActiveCfg = Debug|Any CPU
		{0ABB4815-6B13-4C8F-84ED-7B01114FC62C}.Debug|x64.Build.0 = Debug|Any CPU
		{0ABB4815-6B13-4C8F-84ED-7B01114FC62C}.Debug|x86.ActiveCfg = Debug|Any CPU
		{0ABB4815-6B13-4C8F-84ED-7B01114FC62C}.Debug|x86.Build.0 = Debug|Any CPU
		{0ABB4815-6B13-4C8F-84ED-7B01114FC62C}.Release|Any CPU.ActiveCfg = Release|Any CPU
		{0ABB4815-6B13-4C8F-84ED-7B01114FC62C}.Release|Any CPU.Build.0 = Release|Any CPU
		{0ABB4815-6B13-4C8F-84ED-7B01114FC62C}.Release|x64.ActiveCfg = Release|Any CPU
		{0ABB4815-6B13-4C8F-84ED-7B01114FC62C}.Release|x64.Build.0 = Release|Any CPU
		{0ABB4815-6B13-4C8F-84ED-7B01114FC62C}.Release|x86.ActiveCfg = Release|Any CPU
		{0ABB4815-6B13-4C8F-84ED-7B01114FC62C}.Release|x86.Build.0 = Release|Any CPU
		{47DE8602-302A-47AB-8C4A-CCE73F590137}.Debug|Any CPU.ActiveCfg = Debug|Any CPU
		{47DE8602-302A-47AB-8C4A-CCE73F590137}.Debug|Any CPU.Build.0 = Debug|Any CPU
		{47DE8602-302A-47AB-8C4A-CCE73F590137}.Debug|x64.ActiveCfg = Debug|Any CPU
		{47DE8602-302A-47AB-8C4A-CCE73F590137}.Debug|x64.Build.0 = Debug|Any CPU
		{47DE8602-302A-47AB-8C4A-CCE73F590137}.Debug|x86.ActiveCfg = Debug|Any CPU
		{47DE8602-302A-47AB-8C4A-CCE73F590137}.Debug|x86.Build.0 = Debug|Any CPU
		{47DE8602-302A-47AB-8C4A-CCE73F590137}.Release|Any CPU.ActiveCfg = Release|Any CPU
		{47DE8602-302A-47AB-8C4A-CCE73F590137}.Release|Any CPU.Build.0 = Release|Any CPU
		{47DE8602-302A-47AB-8C4A-CCE73F590137}.Release|x64.ActiveCfg = Release|Any CPU
		{47DE8602-302A-47AB-8C4A-CCE73F590137}.Release|x64.Build.0 = Release|Any CPU
		{47DE8602-302A-47AB-8C4A-CCE73F590137}.Release|x86.ActiveCfg = Release|Any CPU
		{47DE8602-302A-47AB-8C4A-CCE73F590137}.Release|x86.Build.0 = Release|Any CPU
		{29E348EA-33F4-4EFF-8DD4-88B5BB28B577}.Debug|Any CPU.ActiveCfg = Debug|Any CPU
		{29E348EA-33F4-4EFF-8DD4-88B5BB28B577}.Debug|Any CPU.Build.0 = Debug|Any CPU
		{29E348EA-33F4-4EFF-8DD4-88B5BB28B577}.Debug|x64.ActiveCfg = Debug|Any CPU
		{29E348EA-33F4-4EFF-8DD4-88B5BB28B577}.Debug|x64.Build.0 = Debug|Any CPU
		{29E348EA-33F4-4EFF-8DD4-88B5BB28B577}.Debug|x86.ActiveCfg = Debug|Any CPU
		{29E348EA-33F4-4EFF-8DD4-88B5BB28B577}.Debug|x86.Build.0 = Debug|Any CPU
		{29E348EA-33F4-4EFF-8DD4-88B5BB28B577}.Release|Any CPU.ActiveCfg = Release|Any CPU
		{29E348EA-33F4-4EFF-8DD4-88B5BB28B577}.Release|Any CPU.Build.0 = Release|Any CPU
		{29E348EA-33F4-4EFF-8DD4-88B5BB28B577}.Release|x64.ActiveCfg = Release|Any CPU
		{29E348EA-33F4-4EFF-8DD4-88B5BB28B577}.Release|x64.Build.0 = Release|Any CPU
		{29E348EA-33F4-4EFF-8DD4-88B5BB28B577}.Release|x86.ActiveCfg = Release|Any CPU
		{29E348EA-33F4-4EFF-8DD4-88B5BB28B577}.Release|x86.Build.0 = Release|Any CPU
		{445ACFA0-9F07-49D4-86D3-4505C61E733B}.Debug|Any CPU.ActiveCfg = Debug|Any CPU
		{445ACFA0-9F07-49D4-86D3-4505C61E733B}.Debug|Any CPU.Build.0 = Debug|Any CPU
		{445ACFA0-9F07-49D4-86D3-4505C61E733B}.Debug|x64.ActiveCfg = Debug|Any CPU
		{445ACFA0-9F07-49D4-86D3-4505C61E733B}.Debug|x64.Build.0 = Debug|Any CPU
		{445ACFA0-9F07-49D4-86D3-4505C61E733B}.Debug|x86.ActiveCfg = Debug|Any CPU
		{445ACFA0-9F07-49D4-86D3-4505C61E733B}.Debug|x86.Build.0 = Debug|Any CPU
		{445ACFA0-9F07-49D4-86D3-4505C61E733B}.Release|Any CPU.ActiveCfg = Release|Any CPU
		{445ACFA0-9F07-49D4-86D3-4505C61E733B}.Release|Any CPU.Build.0 = Release|Any CPU
		{445ACFA0-9F07-49D4-86D3-4505C61E733B}.Release|x64.ActiveCfg = Release|Any CPU
		{445ACFA0-9F07-49D4-86D3-4505C61E733B}.Release|x64.Build.0 = Release|Any CPU
		{445ACFA0-9F07-49D4-86D3-4505C61E733B}.Release|x86.ActiveCfg = Release|Any CPU
		{445ACFA0-9F07-49D4-86D3-4505C61E733B}.Release|x86.Build.0 = Release|Any CPU
		{C2537BB9-1AA6-479F-BEFD-EF25492EE003}.Debug|Any CPU.ActiveCfg = Debug|Any CPU
		{C2537BB9-1AA6-479F-BEFD-EF25492EE003}.Debug|Any CPU.Build.0 = Debug|Any CPU
		{C2537BB9-1AA6-479F-BEFD-EF25492EE003}.Debug|x64.ActiveCfg = Debug|Any CPU
		{C2537BB9-1AA6-479F-BEFD-EF25492EE003}.Debug|x64.Build.0 = Debug|Any CPU
		{C2537BB9-1AA6-479F-BEFD-EF25492EE003}.Debug|x86.ActiveCfg = Debug|Any CPU
		{C2537BB9-1AA6-479F-BEFD-EF25492EE003}.Debug|x86.Build.0 = Debug|Any CPU
		{C2537BB9-1AA6-479F-BEFD-EF25492EE003}.Release|Any CPU.ActiveCfg = Release|Any CPU
		{C2537BB9-1AA6-479F-BEFD-EF25492EE003}.Release|Any CPU.Build.0 = Release|Any CPU
		{C2537BB9-1AA6-479F-BEFD-EF25492EE003}.Release|x64.ActiveCfg = Release|Any CPU
		{C2537BB9-1AA6-479F-BEFD-EF25492EE003}.Release|x64.Build.0 = Release|Any CPU
		{C2537BB9-1AA6-479F-BEFD-EF25492EE003}.Release|x86.ActiveCfg = Release|Any CPU
		{C2537BB9-1AA6-479F-BEFD-EF25492EE003}.Release|x86.Build.0 = Release|Any CPU
		{29F60CEA-0ECF-45D1-A687-199407477CF8}.Debug|Any CPU.ActiveCfg = Debug|Any CPU
		{29F60CEA-0ECF-45D1-A687-199407477CF8}.Debug|Any CPU.Build.0 = Debug|Any CPU
		{29F60CEA-0ECF-45D1-A687-199407477CF8}.Debug|x64.ActiveCfg = Debug|Any CPU
		{29F60CEA-0ECF-45D1-A687-199407477CF8}.Debug|x64.Build.0 = Debug|Any CPU
		{29F60CEA-0ECF-45D1-A687-199407477CF8}.Debug|x86.ActiveCfg = Debug|Any CPU
		{29F60CEA-0ECF-45D1-A687-199407477CF8}.Debug|x86.Build.0 = Debug|Any CPU
		{29F60CEA-0ECF-45D1-A687-199407477CF8}.Release|Any CPU.ActiveCfg = Release|Any CPU
		{29F60CEA-0ECF-45D1-A687-199407477CF8}.Release|Any CPU.Build.0 = Release|Any CPU
		{29F60CEA-0ECF-45D1-A687-199407477CF8}.Release|x64.ActiveCfg = Release|Any CPU
		{29F60CEA-0ECF-45D1-A687-199407477CF8}.Release|x64.Build.0 = Release|Any CPU
		{29F60CEA-0ECF-45D1-A687-199407477CF8}.Release|x86.ActiveCfg = Release|Any CPU
		{29F60CEA-0ECF-45D1-A687-199407477CF8}.Release|x86.Build.0 = Release|Any CPU
		{056BCEB4-534D-4274-9DEC-BDCAA64ED07A}.Debug|Any CPU.ActiveCfg = Debug|Any CPU
		{056BCEB4-534D-4274-9DEC-BDCAA64ED07A}.Debug|Any CPU.Build.0 = Debug|Any CPU
		{056BCEB4-534D-4274-9DEC-BDCAA64ED07A}.Debug|x64.ActiveCfg = Debug|Any CPU
		{056BCEB4-534D-4274-9DEC-BDCAA64ED07A}.Debug|x64.Build.0 = Debug|Any CPU
		{056BCEB4-534D-4274-9DEC-BDCAA64ED07A}.Debug|x86.ActiveCfg = Debug|Any CPU
		{056BCEB4-534D-4274-9DEC-BDCAA64ED07A}.Debug|x86.Build.0 = Debug|Any CPU
		{056BCEB4-534D-4274-9DEC-BDCAA64ED07A}.Release|Any CPU.ActiveCfg = Release|Any CPU
		{056BCEB4-534D-4274-9DEC-BDCAA64ED07A}.Release|Any CPU.Build.0 = Release|Any CPU
		{056BCEB4-534D-4274-9DEC-BDCAA64ED07A}.Release|x64.ActiveCfg = Release|Any CPU
		{056BCEB4-534D-4274-9DEC-BDCAA64ED07A}.Release|x64.Build.0 = Release|Any CPU
		{056BCEB4-534D-4274-9DEC-BDCAA64ED07A}.Release|x86.ActiveCfg = Release|Any CPU
		{056BCEB4-534D-4274-9DEC-BDCAA64ED07A}.Release|x86.Build.0 = Release|Any CPU
		{419A0357-E788-4DD4-B7DF-A9051F66BEAA}.Debug|Any CPU.ActiveCfg = Debug|Any CPU
		{419A0357-E788-4DD4-B7DF-A9051F66BEAA}.Debug|Any CPU.Build.0 = Debug|Any CPU
		{419A0357-E788-4DD4-B7DF-A9051F66BEAA}.Debug|x64.ActiveCfg = Debug|Any CPU
		{419A0357-E788-4DD4-B7DF-A9051F66BEAA}.Debug|x64.Build.0 = Debug|Any CPU
		{419A0357-E788-4DD4-B7DF-A9051F66BEAA}.Debug|x86.ActiveCfg = Debug|Any CPU
		{419A0357-E788-4DD4-B7DF-A9051F66BEAA}.Debug|x86.Build.0 = Debug|Any CPU
		{419A0357-E788-4DD4-B7DF-A9051F66BEAA}.Release|Any CPU.ActiveCfg = Release|Any CPU
		{419A0357-E788-4DD4-B7DF-A9051F66BEAA}.Release|Any CPU.Build.0 = Release|Any CPU
		{419A0357-E788-4DD4-B7DF-A9051F66BEAA}.Release|x64.ActiveCfg = Release|Any CPU
		{419A0357-E788-4DD4-B7DF-A9051F66BEAA}.Release|x64.Build.0 = Release|Any CPU
		{419A0357-E788-4DD4-B7DF-A9051F66BEAA}.Release|x86.ActiveCfg = Release|Any CPU
		{419A0357-E788-4DD4-B7DF-A9051F66BEAA}.Release|x86.Build.0 = Release|Any CPU
		{9DE800AA-4188-4C39-875B-6C7B0110893A}.Debug|Any CPU.ActiveCfg = Debug|Any CPU
		{9DE800AA-4188-4C39-875B-6C7B0110893A}.Debug|Any CPU.Build.0 = Debug|Any CPU
		{9DE800AA-4188-4C39-875B-6C7B0110893A}.Debug|x64.ActiveCfg = Debug|Any CPU
		{9DE800AA-4188-4C39-875B-6C7B0110893A}.Debug|x64.Build.0 = Debug|Any CPU
		{9DE800AA-4188-4C39-875B-6C7B0110893A}.Debug|x86.ActiveCfg = Debug|Any CPU
		{9DE800AA-4188-4C39-875B-6C7B0110893A}.Debug|x86.Build.0 = Debug|Any CPU
		{9DE800AA-4188-4C39-875B-6C7B0110893A}.Release|Any CPU.ActiveCfg = Release|Any CPU
		{9DE800AA-4188-4C39-875B-6C7B0110893A}.Release|Any CPU.Build.0 = Release|Any CPU
		{9DE800AA-4188-4C39-875B-6C7B0110893A}.Release|x64.ActiveCfg = Release|Any CPU
		{9DE800AA-4188-4C39-875B-6C7B0110893A}.Release|x64.Build.0 = Release|Any CPU
		{9DE800AA-4188-4C39-875B-6C7B0110893A}.Release|x86.ActiveCfg = Release|Any CPU
		{9DE800AA-4188-4C39-875B-6C7B0110893A}.Release|x86.Build.0 = Release|Any CPU
		{7C5CF86C-C3EA-4D6D-9588-1C8BC8586698}.Debug|Any CPU.ActiveCfg = Debug|Any CPU
		{7C5CF86C-C3EA-4D6D-9588-1C8BC8586698}.Debug|Any CPU.Build.0 = Debug|Any CPU
		{7C5CF86C-C3EA-4D6D-9588-1C8BC8586698}.Debug|x64.ActiveCfg = Debug|Any CPU
		{7C5CF86C-C3EA-4D6D-9588-1C8BC8586698}.Debug|x64.Build.0 = Debug|Any CPU
		{7C5CF86C-C3EA-4D6D-9588-1C8BC8586698}.Debug|x86.ActiveCfg = Debug|Any CPU
		{7C5CF86C-C3EA-4D6D-9588-1C8BC8586698}.Debug|x86.Build.0 = Debug|Any CPU
		{7C5CF86C-C3EA-4D6D-9588-1C8BC8586698}.Release|Any CPU.ActiveCfg = Release|Any CPU
		{7C5CF86C-C3EA-4D6D-9588-1C8BC8586698}.Release|Any CPU.Build.0 = Release|Any CPU
		{7C5CF86C-C3EA-4D6D-9588-1C8BC8586698}.Release|x64.ActiveCfg = Release|Any CPU
		{7C5CF86C-C3EA-4D6D-9588-1C8BC8586698}.Release|x64.Build.0 = Release|Any CPU
		{7C5CF86C-C3EA-4D6D-9588-1C8BC8586698}.Release|x86.ActiveCfg = Release|Any CPU
		{7C5CF86C-C3EA-4D6D-9588-1C8BC8586698}.Release|x86.Build.0 = Release|Any CPU
		{B2C91152-B477-49E2-A3DB-A5D4FA19794B}.Debug|Any CPU.ActiveCfg = Debug|x86
		{B2C91152-B477-49E2-A3DB-A5D4FA19794B}.Debug|x64.ActiveCfg = Debug|x86
		{B2C91152-B477-49E2-A3DB-A5D4FA19794B}.Debug|x86.ActiveCfg = Debug|x86
		{B2C91152-B477-49E2-A3DB-A5D4FA19794B}.Debug|x86.Build.0 = Debug|x86
		{B2C91152-B477-49E2-A3DB-A5D4FA19794B}.Release|Any CPU.ActiveCfg = Debug|Any CPU
		{B2C91152-B477-49E2-A3DB-A5D4FA19794B}.Release|Any CPU.Build.0 = Debug|Any CPU
		{B2C91152-B477-49E2-A3DB-A5D4FA19794B}.Release|x64.ActiveCfg = Debug|x86
		{B2C91152-B477-49E2-A3DB-A5D4FA19794B}.Release|x64.Build.0 = Debug|x86
		{B2C91152-B477-49E2-A3DB-A5D4FA19794B}.Release|x86.ActiveCfg = Debug|x86
		{B2C91152-B477-49E2-A3DB-A5D4FA19794B}.Release|x86.Build.0 = Debug|x86
		{25CA2486-F5B8-481D-B718-A400826BDF2F}.Debug|Any CPU.ActiveCfg = Debug|Any CPU
		{25CA2486-F5B8-481D-B718-A400826BDF2F}.Debug|Any CPU.Build.0 = Debug|Any CPU
		{25CA2486-F5B8-481D-B718-A400826BDF2F}.Debug|x64.ActiveCfg = Debug|Any CPU
		{25CA2486-F5B8-481D-B718-A400826BDF2F}.Debug|x64.Build.0 = Debug|Any CPU
		{25CA2486-F5B8-481D-B718-A400826BDF2F}.Debug|x86.ActiveCfg = Debug|Any CPU
		{25CA2486-F5B8-481D-B718-A400826BDF2F}.Debug|x86.Build.0 = Debug|Any CPU
		{25CA2486-F5B8-481D-B718-A400826BDF2F}.Release|Any CPU.ActiveCfg = Release|Any CPU
		{25CA2486-F5B8-481D-B718-A400826BDF2F}.Release|Any CPU.Build.0 = Release|Any CPU
		{25CA2486-F5B8-481D-B718-A400826BDF2F}.Release|x64.ActiveCfg = Release|Any CPU
		{25CA2486-F5B8-481D-B718-A400826BDF2F}.Release|x64.Build.0 = Release|Any CPU
		{25CA2486-F5B8-481D-B718-A400826BDF2F}.Release|x86.ActiveCfg = Release|Any CPU
		{25CA2486-F5B8-481D-B718-A400826BDF2F}.Release|x86.Build.0 = Release|Any CPU
		{DA1F67FB-0940-43C9-840E-4B8FBF60852D}.Debug|Any CPU.ActiveCfg = Debug|Any CPU
		{DA1F67FB-0940-43C9-840E-4B8FBF60852D}.Debug|Any CPU.Build.0 = Debug|Any CPU
		{DA1F67FB-0940-43C9-840E-4B8FBF60852D}.Debug|x64.ActiveCfg = Debug|Any CPU
		{DA1F67FB-0940-43C9-840E-4B8FBF60852D}.Debug|x64.Build.0 = Debug|Any CPU
		{DA1F67FB-0940-43C9-840E-4B8FBF60852D}.Debug|x86.ActiveCfg = Debug|Any CPU
		{DA1F67FB-0940-43C9-840E-4B8FBF60852D}.Debug|x86.Build.0 = Debug|Any CPU
		{DA1F67FB-0940-43C9-840E-4B8FBF60852D}.Release|Any CPU.ActiveCfg = Release|Any CPU
		{DA1F67FB-0940-43C9-840E-4B8FBF60852D}.Release|Any CPU.Build.0 = Release|Any CPU
		{DA1F67FB-0940-43C9-840E-4B8FBF60852D}.Release|x64.ActiveCfg = Release|Any CPU
		{DA1F67FB-0940-43C9-840E-4B8FBF60852D}.Release|x64.Build.0 = Release|Any CPU
		{DA1F67FB-0940-43C9-840E-4B8FBF60852D}.Release|x86.ActiveCfg = Release|Any CPU
		{DA1F67FB-0940-43C9-840E-4B8FBF60852D}.Release|x86.Build.0 = Release|Any CPU
		{340A29C4-C725-47A1-B206-09CF00B0B8C4}.Debug|Any CPU.ActiveCfg = Debug|Any CPU
		{340A29C4-C725-47A1-B206-09CF00B0B8C4}.Debug|Any CPU.Build.0 = Debug|Any CPU
		{340A29C4-C725-47A1-B206-09CF00B0B8C4}.Debug|x64.ActiveCfg = Debug|Any CPU
		{340A29C4-C725-47A1-B206-09CF00B0B8C4}.Debug|x64.Build.0 = Debug|Any CPU
		{340A29C4-C725-47A1-B206-09CF00B0B8C4}.Debug|x86.ActiveCfg = Debug|Any CPU
		{340A29C4-C725-47A1-B206-09CF00B0B8C4}.Debug|x86.Build.0 = Debug|Any CPU
		{340A29C4-C725-47A1-B206-09CF00B0B8C4}.Release|Any CPU.ActiveCfg = Release|Any CPU
		{340A29C4-C725-47A1-B206-09CF00B0B8C4}.Release|Any CPU.Build.0 = Release|Any CPU
		{340A29C4-C725-47A1-B206-09CF00B0B8C4}.Release|x64.ActiveCfg = Release|Any CPU
		{340A29C4-C725-47A1-B206-09CF00B0B8C4}.Release|x64.Build.0 = Release|Any CPU
		{340A29C4-C725-47A1-B206-09CF00B0B8C4}.Release|x86.ActiveCfg = Release|Any CPU
		{340A29C4-C725-47A1-B206-09CF00B0B8C4}.Release|x86.Build.0 = Release|Any CPU
		{20D29CE5-A504-4EA7-93E1-A88D5C1EC1B2}.Debug|Any CPU.ActiveCfg = Debug|Any CPU
		{20D29CE5-A504-4EA7-93E1-A88D5C1EC1B2}.Debug|Any CPU.Build.0 = Debug|Any CPU
		{20D29CE5-A504-4EA7-93E1-A88D5C1EC1B2}.Debug|x64.ActiveCfg = Debug|Any CPU
		{20D29CE5-A504-4EA7-93E1-A88D5C1EC1B2}.Debug|x64.Build.0 = Debug|Any CPU
		{20D29CE5-A504-4EA7-93E1-A88D5C1EC1B2}.Debug|x86.ActiveCfg = Debug|Any CPU
		{20D29CE5-A504-4EA7-93E1-A88D5C1EC1B2}.Debug|x86.Build.0 = Debug|Any CPU
		{20D29CE5-A504-4EA7-93E1-A88D5C1EC1B2}.Release|Any CPU.ActiveCfg = Release|Any CPU
		{20D29CE5-A504-4EA7-93E1-A88D5C1EC1B2}.Release|Any CPU.Build.0 = Release|Any CPU
		{20D29CE5-A504-4EA7-93E1-A88D5C1EC1B2}.Release|x64.ActiveCfg = Release|Any CPU
		{20D29CE5-A504-4EA7-93E1-A88D5C1EC1B2}.Release|x64.Build.0 = Release|Any CPU
		{20D29CE5-A504-4EA7-93E1-A88D5C1EC1B2}.Release|x86.ActiveCfg = Release|Any CPU
		{20D29CE5-A504-4EA7-93E1-A88D5C1EC1B2}.Release|x86.Build.0 = Release|Any CPU
		{E6947A46-0E5B-4458-B7C2-3945DCBAF09E}.Debug|Any CPU.ActiveCfg = Debug|Any CPU
		{E6947A46-0E5B-4458-B7C2-3945DCBAF09E}.Debug|Any CPU.Build.0 = Debug|Any CPU
		{E6947A46-0E5B-4458-B7C2-3945DCBAF09E}.Debug|x64.ActiveCfg = Debug|Any CPU
		{E6947A46-0E5B-4458-B7C2-3945DCBAF09E}.Debug|x64.Build.0 = Debug|Any CPU
		{E6947A46-0E5B-4458-B7C2-3945DCBAF09E}.Debug|x86.ActiveCfg = Debug|Any CPU
		{E6947A46-0E5B-4458-B7C2-3945DCBAF09E}.Debug|x86.Build.0 = Debug|Any CPU
		{E6947A46-0E5B-4458-B7C2-3945DCBAF09E}.Release|Any CPU.ActiveCfg = Release|Any CPU
		{E6947A46-0E5B-4458-B7C2-3945DCBAF09E}.Release|Any CPU.Build.0 = Release|Any CPU
		{E6947A46-0E5B-4458-B7C2-3945DCBAF09E}.Release|x64.ActiveCfg = Release|Any CPU
		{E6947A46-0E5B-4458-B7C2-3945DCBAF09E}.Release|x64.Build.0 = Release|Any CPU
		{E6947A46-0E5B-4458-B7C2-3945DCBAF09E}.Release|x86.ActiveCfg = Release|Any CPU
		{E6947A46-0E5B-4458-B7C2-3945DCBAF09E}.Release|x86.Build.0 = Release|Any CPU
		{DB367107-16D7-41BD-907F-390F85E3926E}.Debug|Any CPU.ActiveCfg = Debug|Any CPU
		{DB367107-16D7-41BD-907F-390F85E3926E}.Debug|Any CPU.Build.0 = Debug|Any CPU
		{DB367107-16D7-41BD-907F-390F85E3926E}.Debug|x64.ActiveCfg = Debug|Any CPU
		{DB367107-16D7-41BD-907F-390F85E3926E}.Debug|x64.Build.0 = Debug|Any CPU
		{DB367107-16D7-41BD-907F-390F85E3926E}.Debug|x86.ActiveCfg = Debug|Any CPU
		{DB367107-16D7-41BD-907F-390F85E3926E}.Debug|x86.Build.0 = Debug|Any CPU
		{DB367107-16D7-41BD-907F-390F85E3926E}.Release|Any CPU.ActiveCfg = Release|Any CPU
		{DB367107-16D7-41BD-907F-390F85E3926E}.Release|Any CPU.Build.0 = Release|Any CPU
		{DB367107-16D7-41BD-907F-390F85E3926E}.Release|x64.ActiveCfg = Release|Any CPU
		{DB367107-16D7-41BD-907F-390F85E3926E}.Release|x64.Build.0 = Release|Any CPU
		{DB367107-16D7-41BD-907F-390F85E3926E}.Release|x86.ActiveCfg = Release|Any CPU
		{DB367107-16D7-41BD-907F-390F85E3926E}.Release|x86.Build.0 = Release|Any CPU
	EndGlobalSection
	GlobalSection(SolutionProperties) = preSolution
		HideSolutionNode = FALSE
	EndGlobalSection
	GlobalSection(NestedProjects) = preSolution
		{29F60CEA-0ECF-45D1-A687-199407477CF8} = {FD7C6773-A787-493A-9111-D9E726D58B2A}
		{056BCEB4-534D-4274-9DEC-BDCAA64ED07A} = {FD7C6773-A787-493A-9111-D9E726D58B2A}
		{419A0357-E788-4DD4-B7DF-A9051F66BEAA} = {FD7C6773-A787-493A-9111-D9E726D58B2A}
		{F4E6156E-30C9-4529-A52C-FCD8DD4BAD20} = {ACAD7CE8-44F3-41D9-A44F-EACDD534F26A}
		{9DE800AA-4188-4C39-875B-6C7B0110893A} = {F4E6156E-30C9-4529-A52C-FCD8DD4BAD20}
		{7C5CF86C-C3EA-4D6D-9588-1C8BC8586698} = {F4E6156E-30C9-4529-A52C-FCD8DD4BAD20}
		{B2C91152-B477-49E2-A3DB-A5D4FA19794B} = {F4E6156E-30C9-4529-A52C-FCD8DD4BAD20}
		{DA1F67FB-0940-43C9-840E-4B8FBF60852D} = {629D6D98-8610-49DA-B44D-77218F1392DB}
		{74E83B44-EF14-4A57-A238-B537DA4B9FEA} = {ACAD7CE8-44F3-41D9-A44F-EACDD534F26A}
		{340A29C4-C725-47A1-B206-09CF00B0B8C4} = {74E83B44-EF14-4A57-A238-B537DA4B9FEA}
		{F1ACA6A5-549F-4149-B923-34E005D26C4D} = {AE015C33-AC39-45F3-BAFF-4D69825480EB}
		{C8F5CED9-4A20-4FE4-9F68-4225E33DEDEC} = {F1ACA6A5-549F-4149-B923-34E005D26C4D}
		{20D29CE5-A504-4EA7-93E1-A88D5C1EC1B2} = {C8F5CED9-4A20-4FE4-9F68-4225E33DEDEC}
		{E6947A46-0E5B-4458-B7C2-3945DCBAF09E} = {F4E6156E-30C9-4529-A52C-FCD8DD4BAD20}
		{DB367107-16D7-41BD-907F-390F85E3926E} = {AE015C33-AC39-45F3-BAFF-4D69825480EB}
	EndGlobalSection
	GlobalSection(ExtensibilityGlobals) = postSolution
		SolutionGuid = {79195F12-2892-4823-A7A3-E2DCFFD9C7A3}
	EndGlobalSection
EndGlobal
